
Microsoft Visual Studio Solution File, Format Version 12.00
# Visual Studio Version 16
VisualStudioVersion = 16.0.31515.178
MinimumVisualStudioVersion = 10.0.40219.1
Project("{9A19103F-16F7-4668-BE54-9A1E7A4F7556}") = "dosymep.Revit.Engine", "dosymep.Revit.Engine\dosymep.Revit.Engine.csproj", "{FAD668F8-BC4F-4E20-AF33-0B6D68D276FA}"
EndProject
Project("{2150E333-8FDC-42A3-9474-1A3956D46DE8}") = "Solution Items", "Solution Items", "{83A9CA17-3BD3-4663-AE94-28349EA54D1A}"
	ProjectSection(SolutionItems) = preProject
		.editorconfig = .editorconfig
		CONTRIBUTING.md = CONTRIBUTING.md
		CREDITS.md = CREDITS.md
		LICENSE.md = LICENSE.md
		README.md = README.md
	EndProjectSection
EndProject
Global
	GlobalSection(SolutionConfigurationPlatforms) = preSolution
		Debug|Any CPU = Debug|Any CPU
		Release|Any CPU = Release|Any CPU
	EndGlobalSection
	GlobalSection(ProjectConfigurationPlatforms) = postSolution
		{FAD668F8-BC4F-4E20-AF33-0B6D68D276FA}.Debug|Any CPU.ActiveCfg = Debug|Any CPU
		{FAD668F8-BC4F-4E20-AF33-0B6D68D276FA}.Debug|Any CPU.Build.0 = Debug|Any CPU
		{FAD668F8-BC4F-4E20-AF33-0B6D68D276FA}.Release|Any CPU.ActiveCfg = Release|Any CPU
		{FAD668F8-BC4F-4E20-AF33-0B6D68D276FA}.Release|Any CPU.Build.0 = Release|Any CPU
	EndGlobalSection
	GlobalSection(SolutionProperties) = preSolution
		HideSolutionNode = FALSE
	EndGlobalSection
	GlobalSection(ExtensibilityGlobals) = postSolution
		SolutionGuid = {54072EE8-821C-4C3B-9139-7434198F816B}
	EndGlobalSection
EndGlobal
