
Microsoft Visual Studio Solution File, Format Version 12.00
Project("{FAE04EC0-301F-11D3-BF4B-00C04F79EFBC}") = "RevitCoreConsole", "RevitCoreConsole\RevitCoreConsole.csproj", "{1AB3952D-73EA-42AB-AC5E-6CBFE95D763D}"
EndProject
Global
	GlobalSection(SolutionConfigurationPlatforms) = preSolution
		Debug|Any CPU = Debug|Any CPU
		Release|Any CPU = Release|Any CPU
	EndGlobalSection
	GlobalSection(ProjectConfigurationPlatforms) = postSolution
		{1AB3952D-73EA-42AB-AC5E-6CBFE95D763D}.Debug|Any CPU.ActiveCfg = Debug|Any CPU
		{1AB3952D-73EA-42AB-AC5E-6CBFE95D763D}.Debug|Any CPU.Build.0 = Debug|Any CPU
		{1AB3952D-73EA-42AB-AC5E-6CBFE95D763D}.Release|Any CPU.ActiveCfg = Release|Any CPU
		{1AB3952D-73EA-42AB-AC5E-6CBFE95D763D}.Release|Any CPU.Build.0 = Release|Any CPU
	EndGlobalSection
EndGlobal
