
Microsoft Visual Studio Solution File, Format Version 12.00
# Visual Studio Version 16
VisualStudioVersion = 16.0.31515.178
MinimumVisualStudioVersion = 10.0.40219.1
Project("{9A19103F-16F7-4668-BE54-9A1E7A4F7556}") = "RevitCoreConsole", "RevitCoreConsole\RevitCoreConsole.csproj", "{1AB3952D-73EA-42AB-AC5E-6CBFE95D763D}"
EndProject
Project("{9A19103F-16F7-4668-BE54-9A1E7A4F7556}") = "dosymep.Revit.Engine", "dosymep.Revit.Engine\dosymep.Revit.Engine.csproj", "{FAD668F8-BC4F-4E20-AF33-0B6D68D276FA}"
EndProject
Project("{2150E333-8FDC-42A3-9474-1A3956D46DE8}") = "Solution Items", "Solution Items", "{83A9CA17-3BD3-4663-AE94-28349EA54D1A}"
	ProjectSection(SolutionItems) = preProject
		.editorconfig = .editorconfig
		CONTRIBUTING.md = CONTRIBUTING.md
		CREDITS.md = CREDITS.md
		LICENSE.md = LICENSE.md
		README.md = README.md
	EndProjectSection
EndProject
Project("{9A19103F-16F7-4668-BE54-9A1E7A4F7556}") = "RevitDBApplications", "RevitDBApplications\RevitDBApplications.csproj", "{8B6B3380-4550-4C15-9E62-4D5624F80C71}"
EndProject
Project("{2150E333-8FDC-42A3-9474-1A3956D46DE8}") = "ProjectProps", "ProjectProps", "{A9AF805B-362B-4744-A2EA-D110432FE1E0}"
	ProjectSection(SolutionItems) = preProject
		ProjectProps\Common.props = ProjectProps\Common.props
	EndProjectSection
EndProject
Global
	GlobalSection(SolutionConfigurationPlatforms) = preSolution
		D2020|x64 = D2020|x64
		D2021|x64 = D2021|x64
		D2022|x64 = D2022|x64
		D2023|x64 = D2023|x64
		R2020|x64 = R2020|x64
		R2021|x64 = R2021|x64
		R2022|x64 = R2022|x64
		R2023|x64 = R2023|x64
	EndGlobalSection
	GlobalSection(ProjectConfigurationPlatforms) = postSolution
		{1AB3952D-73EA-42AB-AC5E-6CBFE95D763D}.D2020|x64.ActiveCfg = D2020|x64
		{1AB3952D-73EA-42AB-AC5E-6CBFE95D763D}.D2020|x64.Build.0 = D2020|x64
		{1AB3952D-73EA-42AB-AC5E-6CBFE95D763D}.D2021|x64.ActiveCfg = D2021|x64
		{1AB3952D-73EA-42AB-AC5E-6CBFE95D763D}.D2021|x64.Build.0 = D2021|x64
		{1AB3952D-73EA-42AB-AC5E-6CBFE95D763D}.D2022|x64.ActiveCfg = D2022|x64
		{1AB3952D-73EA-42AB-AC5E-6CBFE95D763D}.D2022|x64.Build.0 = D2022|x64
		{1AB3952D-73EA-42AB-AC5E-6CBFE95D763D}.D2023|x64.ActiveCfg = D2023|x64
		{1AB3952D-73EA-42AB-AC5E-6CBFE95D763D}.D2023|x64.Build.0 = D2023|x64
		{1AB3952D-73EA-42AB-AC5E-6CBFE95D763D}.R2020|x64.ActiveCfg = R2020|x64
		{1AB3952D-73EA-42AB-AC5E-6CBFE95D763D}.R2020|x64.Build.0 = R2020|x64
		{1AB3952D-73EA-42AB-AC5E-6CBFE95D763D}.R2021|x64.ActiveCfg = R2021|x64
		{1AB3952D-73EA-42AB-AC5E-6CBFE95D763D}.R2021|x64.Build.0 = R2021|x64
		{1AB3952D-73EA-42AB-AC5E-6CBFE95D763D}.R2022|x64.ActiveCfg = R2022|x64
		{1AB3952D-73EA-42AB-AC5E-6CBFE95D763D}.R2022|x64.Build.0 = R2022|x64
		{1AB3952D-73EA-42AB-AC5E-6CBFE95D763D}.R2023|x64.ActiveCfg = R2023|x64
		{1AB3952D-73EA-42AB-AC5E-6CBFE95D763D}.R2023|x64.Build.0 = R2023|x64
		{FAD668F8-BC4F-4E20-AF33-0B6D68D276FA}.D2020|x64.ActiveCfg = D2020|x64
		{FAD668F8-BC4F-4E20-AF33-0B6D68D276FA}.D2020|x64.Build.0 = D2020|x64
		{FAD668F8-BC4F-4E20-AF33-0B6D68D276FA}.D2021|x64.ActiveCfg = D2021|x64
		{FAD668F8-BC4F-4E20-AF33-0B6D68D276FA}.D2021|x64.Build.0 = D2021|x64
		{FAD668F8-BC4F-4E20-AF33-0B6D68D276FA}.D2022|x64.ActiveCfg = D2022|x64
		{FAD668F8-BC4F-4E20-AF33-0B6D68D276FA}.D2022|x64.Build.0 = D2022|x64
		{FAD668F8-BC4F-4E20-AF33-0B6D68D276FA}.D2023|x64.ActiveCfg = D2023|x64
		{FAD668F8-BC4F-4E20-AF33-0B6D68D276FA}.D2023|x64.Build.0 = D2023|x64
		{FAD668F8-BC4F-4E20-AF33-0B6D68D276FA}.R2020|x64.ActiveCfg = R2020|x64
		{FAD668F8-BC4F-4E20-AF33-0B6D68D276FA}.R2020|x64.Build.0 = R2020|x64
		{FAD668F8-BC4F-4E20-AF33-0B6D68D276FA}.R2021|x64.ActiveCfg = R2021|x64
		{FAD668F8-BC4F-4E20-AF33-0B6D68D276FA}.R2021|x64.Build.0 = R2021|x64
		{FAD668F8-BC4F-4E20-AF33-0B6D68D276FA}.R2022|x64.ActiveCfg = R2022|x64
		{FAD668F8-BC4F-4E20-AF33-0B6D68D276FA}.R2022|x64.Build.0 = R2022|x64
		{FAD668F8-BC4F-4E20-AF33-0B6D68D276FA}.R2023|x64.ActiveCfg = R2023|x64
		{FAD668F8-BC4F-4E20-AF33-0B6D68D276FA}.R2023|x64.Build.0 = R2023|x64
		{8B6B3380-4550-4C15-9E62-4D5624F80C71}.D2020|x64.ActiveCfg = D2020|x64
		{8B6B3380-4550-4C15-9E62-4D5624F80C71}.D2020|x64.Build.0 = D2020|x64
		{8B6B3380-4550-4C15-9E62-4D5624F80C71}.D2021|x64.ActiveCfg = D2021|x64
		{8B6B3380-4550-4C15-9E62-4D5624F80C71}.D2021|x64.Build.0 = D2021|x64
		{8B6B3380-4550-4C15-9E62-4D5624F80C71}.D2022|x64.ActiveCfg = D2022|x64
		{8B6B3380-4550-4C15-9E62-4D5624F80C71}.D2022|x64.Build.0 = D2022|x64
		{8B6B3380-4550-4C15-9E62-4D5624F80C71}.D2023|x64.ActiveCfg = D2023|x64
		{8B6B3380-4550-4C15-9E62-4D5624F80C71}.D2023|x64.Build.0 = D2023|x64
		{8B6B3380-4550-4C15-9E62-4D5624F80C71}.R2020|x64.ActiveCfg = R2020|x64
		{8B6B3380-4550-4C15-9E62-4D5624F80C71}.R2020|x64.Build.0 = R2020|x64
		{8B6B3380-4550-4C15-9E62-4D5624F80C71}.R2021|x64.ActiveCfg = R2021|x64
		{8B6B3380-4550-4C15-9E62-4D5624F80C71}.R2021|x64.Build.0 = R2021|x64
		{8B6B3380-4550-4C15-9E62-4D5624F80C71}.R2022|x64.ActiveCfg = R2022|x64
		{8B6B3380-4550-4C15-9E62-4D5624F80C71}.R2022|x64.Build.0 = R2022|x64
		{8B6B3380-4550-4C15-9E62-4D5624F80C71}.R2023|x64.ActiveCfg = R2023|x64
		{8B6B3380-4550-4C15-9E62-4D5624F80C71}.R2023|x64.Build.0 = R2023|x64
	EndGlobalSection
	GlobalSection(SolutionProperties) = preSolution
		HideSolutionNode = FALSE
	EndGlobalSection
	GlobalSection(ExtensibilityGlobals) = postSolution
		SolutionGuid = {DAAB4C3D-FF75-4EED-B549-619FB937302C}
	EndGlobalSection
EndGlobal
